// !$*UTF8*$!
{
	archiveVersion = 1;
	classes = {
	};
	objectVersion = 46;
	objects = {

/* Begin PBXBuildFile section */
		B87C30F71F6999DF007D0B2E /* AppDelegate.swift in Sources */ = {isa = PBXBuildFile; fileRef = B87C30F61F6999DF007D0B2E /* AppDelegate.swift */; };
		B87C30F91F6999DF007D0B2E /* ViewController.swift in Sources */ = {isa = PBXBuildFile; fileRef = B87C30F81F6999DF007D0B2E /* ViewController.swift */; };
		B87C30FC1F6999DF007D0B2E /* Main.storyboard in Resources */ = {isa = PBXBuildFile; fileRef = B87C30FA1F6999DF007D0B2E /* Main.storyboard */; };
		B87C30FE1F6999DF007D0B2E /* Assets.xcassets in Resources */ = {isa = PBXBuildFile; fileRef = B87C30FD1F6999DF007D0B2E /* Assets.xcassets */; };
		B87C31011F6999DF007D0B2E /* LaunchScreen.storyboard in Resources */ = {isa = PBXBuildFile; fileRef = B87C30FF1F6999DF007D0B2E /* LaunchScreen.storyboard */; };
/* End PBXBuildFile section */

/* Begin PBXFileReference section */
		B87C30F31F6999DF007D0B2E /* CF-FinalProject-ToDo.app */ = {isa = PBXFileReference; explicitFileType = wrapper.application; includeInIndex = 0; path = "CF-FinalProject-ToDo.app"; sourceTree = BUILT_PRODUCTS_DIR; };
		B87C30F61F6999DF007D0B2E /* AppDelegate.swift */ = {isa = PBXFileReference; lastKnownFileType = sourcecode.swift; path = AppDelegate.swift; sourceTree = "<group>"; };
		B87C30F81F6999DF007D0B2E /* ViewController.swift */ = {isa = PBXFileReference; lastKnownFileType = sourcecode.swift; path = ViewController.swift; sourceTree = "<group>"; };
		B87C30FB1F6999DF007D0B2E /* Base */ = {isa = PBXFileReference; lastKnownFileType = file.storyboard; name = Base; path = Base.lproj/Main.storyboard; sourceTree = "<group>"; };
		B87C30FD1F6999DF007D0B2E /* Assets.xcassets */ = {isa = PBXFileReference; lastKnownFileType = folder.assetcatalog; path = Assets.xcassets; sourceTree = "<group>"; };
		B87C31001F6999DF007D0B2E /* Base */ = {isa = PBXFileReference; lastKnownFileType = file.storyboard; name = Base; path = Base.lproj/LaunchScreen.storyboard; sourceTree = "<group>"; };
		B87C31021F6999DF007D0B2E /* Info.plist */ = {isa = PBXFileReference; lastKnownFileType = text.plist.xml; path = Info.plist; sourceTree = "<group>"; };
/* End PBXFileReference section */

/* Begin PBXFrameworksBuildPhase section */
		B87C30F01F6999DF007D0B2E /* Frameworks */ = {
			isa = PBXFrameworksBuildPhase;
			buildActionMask = 2147483647;
			files = (
			);
			runOnlyForDeploymentPostprocessing = 0;
		};
/* End PBXFrameworksBuildPhase section */

/* Begin PBXGroup section */
		B87C30EA1F6999DF007D0B2E = {
			isa = PBXGroup;
			children = (
				B87C30F51F6999DF007D0B2E /* CF-FinalProject-ToDo */,
				B87C30F41F6999DF007D0B2E /* Products */,
			);
			sourceTree = "<group>";
		};
		B87C30F41F6999DF007D0B2E /* Products */ = {
			isa = PBXGroup;
			children = (
				B87C30F31F6999DF007D0B2E /* CF-FinalProject-ToDo.app */,
			);
			name = Products;
			sourceTree = "<group>";
		};
		B87C30F51F6999DF007D0B2E /* CF-FinalProject-ToDo */ = {
			isa = PBXGroup;
			children = (
				B87C30F61F6999DF007D0B2E /* AppDelegate.swift */,
				B87C30F81F6999DF007D0B2E /* ViewController.swift */,
				B87C30FA1F6999DF007D0B2E /* Main.storyboard */,
				B87C30FD1F6999DF007D0B2E /* Assets.xcassets */,
				B87C30FF1F6999DF007D0B2E /* LaunchScreen.storyboard */,
				B87C31021F6999DF007D0B2E /* Info.plist */,
			);
			path = "CF-FinalProject-ToDo";
			sourceTree = "<group>";
		};
/* End PBXGroup section */

/* Begin PBXNativeTarget section */
		B87C30F21F6999DF007D0B2E /* CF-FinalProject-ToDo */ = {
			isa = PBXNativeTarget;
			buildConfigurationList = B87C31051F6999DF007D0B2E /* Build configuration list for PBXNativeTarget "CF-FinalProject-ToDo" */;
			buildPhases = (
				B87C30EF1F6999DF007D0B2E /* Sources */,
				B87C30F01F6999DF007D0B2E /* Frameworks */,
				B87C30F11F6999DF007D0B2E /* Resources */,
			);
			buildRules = (
			);
			dependencies = (
			);
			name = "CF-FinalProject-ToDo";
			productName = "CF-FinalProject-ToDo";
			productReference = B87C30F31F6999DF007D0B2E /* CF-FinalProject-ToDo.app */;
			productType = "com.apple.product-type.application";
		};
/* End PBXNativeTarget section */

/* Begin PBXProject section */
		B87C30EB1F6999DF007D0B2E /* Project object */ = {
			isa = PBXProject;
			attributes = {
				LastSwiftUpdateCheck = 0830;
				LastUpgradeCheck = 0830;
				ORGANIZATIONNAME = Sturnella;
				TargetAttributes = {
					B87C30F21F6999DF007D0B2E = {
						CreatedOnToolsVersion = 8.3.3;
						DevelopmentTeam = HYUL7NU4WZ;
						ProvisioningStyle = Automatic;
					};
				};
			};
			buildConfigurationList = B87C30EE1F6999DF007D0B2E /* Build configuration list for PBXProject "CF-FinalProject-ToDo" */;
			compatibilityVersion = "Xcode 3.2";
			developmentRegion = English;
			hasScannedForEncodings = 0;
			knownRegions = (
				en,
				Base,
			);
			mainGroup = B87C30EA1F6999DF007D0B2E;
			productRefGroup = B87C30F41F6999DF007D0B2E /* Products */;
			projectDirPath = "";
			projectRoot = "";
			targets = (
				B87C30F21F6999DF007D0B2E /* CF-FinalProject-ToDo */,
			);
		};
/* End PBXProject section */

/* Begin PBXResourcesBuildPhase section */
		B87C30F11F6999DF007D0B2E /* Resources */ = {
			isa = PBXResourcesBuildPhase;
			buildActionMask = 2147483647;
			files = (
				B87C31011F6999DF007D0B2E /* LaunchScreen.storyboard in Resources */,
				B87C30FE1F6999DF007D0B2E /* Assets.xcassets in Resources */,
				B87C30FC1F6999DF007D0B2E /* Main.storyboard in Resources */,
			);
			runOnlyForDeploymentPostprocessing = 0;
		};
/* End PBXResourcesBuildPhase section */

/* Begin PBXSourcesBuildPhase section */
		B87C30EF1F6999DF007D0B2E /* Sources */ = {
			isa = PBXSourcesBuildPhase;
			buildActionMask = 2147483647;
			files = (
				B87C30F91F6999DF007D0B2E /* ViewController.swift in Sources */,
				B87C30F71F6999DF007D0B2E /* AppDelegate.swift in Sources */,
			);
			runOnlyForDeploymentPostprocessing = 0;
		};
/* End PBXSourcesBuildPhase section */

/* Begin PBXVariantGroup section */
		B87C30FA1F6999DF007D0B2E /* Main.storyboard */ = {
			isa = PBXVariantGroup;
			children = (
				B87C30FB1F6999DF007D0B2E /* Base */,
			);
			name = Main.storyboard;
			sourceTree = "<group>";
		};
		B87C30FF1F6999DF007D0B2E /* LaunchScreen.storyboard */ = {
			isa = PBXVariantGroup;
			children = (
				B87C31001F6999DF007D0B2E /* Base */,
			);
			name = LaunchScreen.storyboard;
			sourceTree = "<group>";
		};
/* End PBXVariantGroup section */

/* Begin XCBuildConfiguration section */
		B87C31031F6999DF007D0B2E /* Debug */ = {
			isa = XCBuildConfiguration;
			buildSettings = {
				ALWAYS_SEARCH_USER_PATHS = NO;
				CLANG_ANALYZER_NONNULL = YES;
				CLANG_ANALYZER_NUMBER_OBJECT_CONVERSION = YES_AGGRESSIVE;
				CLANG_CXX_LANGUAGE_STANDARD = "gnu++0x";
				CLANG_CXX_LIBRARY = "libc++";
				CLANG_ENABLE_MODULES = YES;
				CLANG_ENABLE_OBJC_ARC = YES;
				CLANG_WARN_BOOL_CONVERSION = YES;
				CLANG_WARN_CONSTANT_CONVERSION = YES;
				CLANG_WARN_DIRECT_OBJC_ISA_USAGE = YES_ERROR;
				CLANG_WARN_DOCUMENTATION_COMMENTS = YES;
				CLANG_WARN_EMPTY_BODY = YES;
				CLANG_WARN_ENUM_CONVERSION = YES;
				CLANG_WARN_INFINITE_RECURSION = YES;
				CLANG_WARN_INT_CONVERSION = YES;
				CLANG_WARN_OBJC_ROOT_CLASS = YES_ERROR;
				CLANG_WARN_SUSPICIOUS_MOVE = YES;
				CLANG_WARN_UNREACHABLE_CODE = YES;
				CLANG_WARN__DUPLICATE_METHOD_MATCH = YES;
				"CODE_SIGN_IDENTITY[sdk=iphoneos*]" = "iPhone Developer";
				COPY_PHASE_STRIP = NO;
				DEBUG_INFORMATION_FORMAT = dwarf;
				ENABLE_STRICT_OBJC_MSGSEND = YES;
				ENABLE_TESTABILITY = YES;
				GCC_C_LANGUAGE_STANDARD = gnu99;
				GCC_DYNAMIC_NO_PIC = NO;
				GCC_NO_COMMON_BLOCKS = YES;
				GCC_OPTIMIZATION_LEVEL = 0;
				GCC_PREPROCESSOR_DEFINITIONS = (
					"DEBUG=1",
					"$(inherited)",
				);
				GCC_WARN_64_TO_32_BIT_CONVERSION = YES;
				GCC_WARN_ABOUT_RETURN_TYPE = YES_ERROR;
				GCC_WARN_UNDECLARED_SELECTOR = YES;
				GCC_WARN_UNINITIALIZED_AUTOS = YES_AGGRESSIVE;
				GCC_WARN_UNUSED_FUNCTION = YES;
				GCC_WARN_UNUSED_VARIABLE = YES;
				IPHONEOS_DEPLOYMENT_TARGET = 10.3;
				MTL_ENABLE_DEBUG_INFO = YES;
				ONLY_ACTIVE_ARCH = YES;
				SDKROOT = iphoneos;
				SWIFT_ACTIVE_COMPILATION_CONDITIONS = DEBUG;
				SWIFT_OPTIMIZATION_LEVEL = "-Onone";
				TARGETED_DEVICE_FAMILY = "1,2";
			};
			name = Debug;
		};
		B87C31041F6999DF007D0B2E /* Release */ = {
			isa = XCBuildConfiguration;
			buildSettings = {
				ALWAYS_SEARCH_USER_PATHS = NO;
				CLANG_ANALYZER_NONNULL = YES;
				CLANG_ANALYZER_NUMBER_OBJECT_CONVERSION = YES_AGGRESSIVE;
				CLANG_CXX_LANGUAGE_STANDARD = "gnu++0x";
				CLANG_CXX_LIBRARY = "libc++";
				CLANG_ENABLE_MODULES = YES;
				CLANG_ENABLE_OBJC_ARC = YES;
				CLANG_WARN_BOOL_CONVERSION = YES;
				CLANG_WARN_CONSTANT_CONVERSION = YES;
				CLANG_WARN_DIRECT_OBJC_ISA_USAGE = YES_ERROR;
				CLANG_WARN_DOCUMENTATION_COMMENTS = YES;
				CLANG_WARN_EMPTY_BODY = YES;
				CLANG_WARN_ENUM_CONVERSION = YES;
				CLANG_WARN_INFINITE_RECURSION = YES;
				CLANG_WARN_INT_CONVERSION = YES;
				CLANG_WARN_OBJC_ROOT_CLASS = YES_ERROR;
				CLANG_WARN_SUSPICIOUS_MOVE = YES;
				CLANG_WARN_UNREACHABLE_CODE = YES;
				CLANG_WARN__DUPLICATE_METHOD_MATCH = YES;
				"CODE_SIGN_IDENTITY[sdk=iphoneos*]" = "iPhone Developer";
				COPY_PHASE_STRIP = NO;
				DEBUG_INFORMATION_FORMAT = "dwarf-with-dsym";
				ENABLE_NS_ASSERTIONS = NO;
				ENABLE_STRICT_OBJC_MSGSEND = YES;
				GCC_C_LANGUAGE_STANDARD = gnu99;
				GCC_NO_COMMON_BLOCKS = YES;
				GCC_WARN_64_TO_32_BIT_CONVERSION = YES;
				GCC_WARN_ABOUT_RETURN_TYPE = YES_ERROR;
				GCC_WARN_UNDECLARED_SELECTOR = YES;
				GCC_WARN_UNINITIALIZED_AUTOS = YES_AGGRESSIVE;
				GCC_WARN_UNUSED_FUNCTION = YES;
				GCC_WARN_UNUSED_VARIABLE = YES;
				IPHONEOS_DEPLOYMENT_TARGET = 10.3;
				MTL_ENABLE_DEBUG_INFO = NO;
				SDKROOT = iphoneos;
				SWIFT_OPTIMIZATION_LEVEL = "-Owholemodule";
				TARGETED_DEVICE_FAMILY = "1,2";
				VALIDATE_PRODUCT = YES;
			};
			name = Release;
		};
		B87C31061F6999DF007D0B2E /* Debug */ = {
			isa = XCBuildConfiguration;
			buildSettings = {
				ASSETCATALOG_COMPILER_APPICON_NAME = AppIcon;
				DEVELOPMENT_TEAM = HYUL7NU4WZ;
				INFOPLIST_FILE = "CF-FinalProject-ToDo/Info.plist";
				LD_RUNPATH_SEARCH_PATHS = "$(inherited) @executable_path/Frameworks";
				PRODUCT_BUNDLE_IDENTIFIER = "org.sturnella.CF-FinalProject-ToDo";
				PRODUCT_NAME = "$(TARGET_NAME)";
				SWIFT_VERSION = 3.0;
			};
			name = Debug;
		};
		B87C31071F6999DF007D0B2E /* Release */ = {
			isa = XCBuildConfiguration;
			buildSettings = {
				ASSETCATALOG_COMPILER_APPICON_NAME = AppIcon;
				DEVELOPMENT_TEAM = HYUL7NU4WZ;
				INFOPLIST_FILE = "CF-FinalProject-ToDo/Info.plist";
				LD_RUNPATH_SEARCH_PATHS = "$(inherited) @executable_path/Frameworks";
				PRODUCT_BUNDLE_IDENTIFIER = "org.sturnella.CF-FinalProject-ToDo";
				PRODUCT_NAME = "$(TARGET_NAME)";
				SWIFT_VERSION = 3.0;
			};
			name = Release;
		};
/* End XCBuildConfiguration section */

/* Begin XCConfigurationList section */
		B87C30EE1F6999DF007D0B2E /* Build configuration list for PBXProject "CF-FinalProject-ToDo" */ = {
			isa = XCConfigurationList;
			buildConfigurations = (
				B87C31031F6999DF007D0B2E /* Debug */,
				B87C31041F6999DF007D0B2E /* Release */,
			);
			defaultConfigurationIsVisible = 0;
			defaultConfigurationName = Release;
		};
		B87C31051F6999DF007D0B2E /* Build configuration list for PBXNativeTarget "CF-FinalProject-ToDo" */ = {
			isa = XCConfigurationList;
			buildConfigurations = (
				B87C31061F6999DF007D0B2E /* Debug */,
				B87C31071F6999DF007D0B2E /* Release */,
			);
			defaultConfigurationIsVisible = 0;
		};
/* End XCConfigurationList section */
	};
	rootObject = B87C30EB1F6999DF007D0B2E /* Project object */;
}
